
Microsoft Visual Studio Solution File, Format Version 12.00
# Visual Studio Version 17
VisualStudioVersion = 17.9.34723.18
MinimumVisualStudioVersion = 10.0.40219.1
Project("{FAE04EC0-301F-11D3-BF4B-00C04F79EFBC}") = "API_Project", "API_Project\API_Project.csproj", "{11701407-DE93-47FE-BF7E-04941ED7D8F9}"
EndProject
Project("{FAE04EC0-301F-11D3-BF4B-00C04F79EFBC}") = "ECommerce.DAL", "ECommerce.DAL\ECommerce.DAL.csproj", "{C4DE2EDA-CD63-48FC-9EE5-470DB7DD619C}"
EndProject
Project("{FAE04EC0-301F-11D3-BF4B-00C04F79EFBC}") = "ECommerce.BL", "ECommerce.BL\ECommerce.BL.csproj", "{5E5746D0-CF8A-4D04-A714-07732AEE9875}"
EndProject
Global
	GlobalSection(SolutionConfigurationPlatforms) = preSolution
		Debug|Any CPU = Debug|Any CPU
		Release|Any CPU = Release|Any CPU
	EndGlobalSection
	GlobalSection(ProjectConfigurationPlatforms) = postSolution
		{11701407-DE93-47FE-BF7E-04941ED7D8F9}.Debug|Any CPU.ActiveCfg = Debug|Any CPU
		{11701407-DE93-47FE-BF7E-04941ED7D8F9}.Debug|Any CPU.Build.0 = Debug|Any CPU
		{11701407-DE93-47FE-BF7E-04941ED7D8F9}.Release|Any CPU.ActiveCfg = Release|Any CPU
		{11701407-DE93-47FE-BF7E-04941ED7D8F9}.Release|Any CPU.Build.0 = Release|Any CPU
		{C4DE2EDA-CD63-48FC-9EE5-470DB7DD619C}.Debug|Any CPU.ActiveCfg = Debug|Any CPU
		{C4DE2EDA-CD63-48FC-9EE5-470DB7DD619C}.Debug|Any CPU.Build.0 = Debug|Any CPU
		{C4DE2EDA-CD63-48FC-9EE5-470DB7DD619C}.Release|Any CPU.ActiveCfg = Release|Any CPU
		{C4DE2EDA-CD63-48FC-9EE5-470DB7DD619C}.Release|Any CPU.Build.0 = Release|Any CPU
		{5E5746D0-CF8A-4D04-A714-07732AEE9875}.Debug|Any CPU.ActiveCfg = Debug|Any CPU
		{5E5746D0-CF8A-4D04-A714-07732AEE9875}.Debug|Any CPU.Build.0 = Debug|Any CPU
		{5E5746D0-CF8A-4D04-A714-07732AEE9875}.Release|Any CPU.ActiveCfg = Release|Any CPU
		{5E5746D0-CF8A-4D04-A714-07732AEE9875}.Release|Any CPU.Build.0 = Release|Any CPU
	EndGlobalSection
	GlobalSection(SolutionProperties) = preSolution
		HideSolutionNode = FALSE
	EndGlobalSection
	GlobalSection(ExtensibilityGlobals) = postSolution
		SolutionGuid = {F1B352E0-48C2-4E81-A2D9-CC47AAB6AC04}
	EndGlobalSection
EndGlobal
